{
  "name": "maps",
  "lockfileVersion": 2,
  "requires": true,
  "packages": {
    "": {
      "dependencies": {
        "@faker-js/faker": "^6.0.0-alpha.7",
        "@types/google.maps": "^3.47.4",
        "@types/googlemaps": "^3.43.3"
      },
      "devDependencies": {
        "typescript": "^4.5.5"
      }
    },
    "node_modules/@faker-js/faker": {
      "version": "6.0.0-alpha.7",
      "resolved": "https://artifactory.gcp.sanet17.ch:443/artifactory/api/npm/sanitas-npm/@faker-js/faker/-/faker-6.0.0-alpha.7.tgz",
      "integrity": "sha1-1Dg7EMXNNewC+v0bxHKy+FwwbPU=",
      "license": "MIT",
      "engines": {
        "node": ">=14.0.0",
        "npm": ">=7.0.0"
      }
    },
    "node_modules/@types/google.maps": {
      "version": "3.47.4",
      "resolved": "https://artifactory.gcp.sanet17.ch:443/artifactory/api/npm/sanitas-npm/@types/google.maps/-/google.maps-3.47.4.tgz",
      "integrity": "sha1-MxbN8EhwbwODhDHnw5TuzALeIVc=",
      "license": "MIT"
    },
    "node_modules/@types/googlemaps": {
      "version": "3.43.3",
      "resolved": "https://artifactory.gcp.sanet17.ch:443/artifactory/api/npm/sanitas-npm/@types/googlemaps/-/googlemaps-3.43.3.tgz",
      "integrity": "sha1-cM+WIVShYP54vNadbMwpbdkXWx8=",
      "deprecated": "Types for the Google Maps browser API have moved to @types/google.maps. Note: these types are not for the googlemaps npm package, which is a Node API.",
      "license": "MIT"
    },
    "node_modules/typescript": {
      "version": "4.5.5",
      "resolved": "https://artifactory.gcp.sanet17.ch:443/artifactory/api/npm/sanitas-npm/typescript/-/typescript-4.5.5.tgz",
      "integrity": "sha1-2MlTgy0okkqePTfHPXKchGxYlvM=",
      "dev": true,
      "license": "Apache-2.0",
      "bin": {
        "tsc": "bin/tsc",
        "tsserver": "bin/tsserver"
      },
      "engines": {
        "node": ">=4.2.0"
      }
    }
  },
  "dependencies": {
    "@faker-js/faker": {
      "version": "6.0.0-alpha.7",
      "resolved": "https://artifactory.gcp.sanet17.ch:443/artifactory/api/npm/sanitas-npm/@faker-js/faker/-/faker-6.0.0-alpha.7.tgz",
      "integrity": "sha1-1Dg7EMXNNewC+v0bxHKy+FwwbPU="
    },
    "@types/google.maps": {
      "version": "3.47.4",
      "resolved": "https://artifactory.gcp.sanet17.ch:443/artifactory/api/npm/sanitas-npm/@types/google.maps/-/google.maps-3.47.4.tgz",
      "integrity": "sha1-MxbN8EhwbwODhDHnw5TuzALeIVc="
    },
    "@types/googlemaps": {
      "version": "3.43.3",
      "resolved": "https://artifactory.gcp.sanet17.ch:443/artifactory/api/npm/sanitas-npm/@types/googlemaps/-/googlemaps-3.43.3.tgz",
      "integrity": "sha1-cM+WIVShYP54vNadbMwpbdkXWx8="
    },
    "typescript": {
      "version": "4.5.5",
      "resolved": "https://artifactory.gcp.sanet17.ch:443/artifactory/api/npm/sanitas-npm/typescript/-/typescript-4.5.5.tgz",
      "integrity": "sha1-2MlTgy0okkqePTfHPXKchGxYlvM=",
      "dev": true
    }
  }
}
